// !$*UTF8*$!
{
	archiveVersion = 1;
	classes = {
	};
	objectVersion = 55;
	objects = {

/* Begin PBXBuildFile section */
		6F67CD3526AD2A9400F737E3 /* DetailViewController.swift in Sources */ = {isa = PBXBuildFile; fileRef = 6F67CD3426AD2A9400F737E3 /* DetailViewController.swift */; };
		6FAB616826AC8A8500BFCACA /* AppDelegate.swift in Sources */ = {isa = PBXBuildFile; fileRef = 6FAB616726AC8A8500BFCACA /* AppDelegate.swift */; };
		6FAB616A26AC8A8500BFCACA /* SceneDelegate.swift in Sources */ = {isa = PBXBuildFile; fileRef = 6FAB616926AC8A8500BFCACA /* SceneDelegate.swift */; };
		6FAB616C26AC8A8500BFCACA /* ViewController.swift in Sources */ = {isa = PBXBuildFile; fileRef = 6FAB616B26AC8A8500BFCACA /* ViewController.swift */; };
		6FAB616F26AC8A8500BFCACA /* Main.storyboard in Resources */ = {isa = PBXBuildFile; fileRef = 6FAB616D26AC8A8500BFCACA /* Main.storyboard */; };
		6FAB617126AC8A8600BFCACA /* Assets.xcassets in Resources */ = {isa = PBXBuildFile; fileRef = 6FAB617026AC8A8600BFCACA /* Assets.xcassets */; };
		6FAB617426AC8A8600BFCACA /* LaunchScreen.storyboard in Resources */ = {isa = PBXBuildFile; fileRef = 6FAB617226AC8A8600BFCACA /* LaunchScreen.storyboard */; };
		6FAB617C26AC8AA200BFCACA /* Country.swift in Sources */ = {isa = PBXBuildFile; fileRef = 6FAB617B26AC8AA200BFCACA /* Country.swift */; };
		6FAB617E26AC8BB700BFCACA /* Sample.json in Resources */ = {isa = PBXBuildFile; fileRef = 6FAB617D26AC8BB700BFCACA /* Sample.json */; };
		6FAB618026AC8C0E00BFCACA /* CountriesModel.swift in Sources */ = {isa = PBXBuildFile; fileRef = 6FAB617F26AC8C0E00BFCACA /* CountriesModel.swift */; };
		6FAB618226AC9ACF00BFCACA /* CountriesFeed.swift in Sources */ = {isa = PBXBuildFile; fileRef = 6FAB618126AC9ACF00BFCACA /* CountriesFeed.swift */; };
/* End PBXBuildFile section */

/* Begin PBXFileReference section */
		6F67CD3426AD2A9400F737E3 /* DetailViewController.swift */ = {isa = PBXFileReference; lastKnownFileType = sourcecode.swift; path = DetailViewController.swift; sourceTree = "<group>"; };
		6FAB616426AC8A8500BFCACA /* Challenge_5.app */ = {isa = PBXFileReference; explicitFileType = wrapper.application; includeInIndex = 0; path = Challenge_5.app; sourceTree = BUILT_PRODUCTS_DIR; };
		6FAB616726AC8A8500BFCACA /* AppDelegate.swift */ = {isa = PBXFileReference; lastKnownFileType = sourcecode.swift; path = AppDelegate.swift; sourceTree = "<group>"; };
		6FAB616926AC8A8500BFCACA /* SceneDelegate.swift */ = {isa = PBXFileReference; lastKnownFileType = sourcecode.swift; path = SceneDelegate.swift; sourceTree = "<group>"; };
		6FAB616B26AC8A8500BFCACA /* ViewController.swift */ = {isa = PBXFileReference; lastKnownFileType = sourcecode.swift; path = ViewController.swift; sourceTree = "<group>"; };
		6FAB616E26AC8A8500BFCACA /* Base */ = {isa = PBXFileReference; lastKnownFileType = file.storyboard; name = Base; path = Base.lproj/Main.storyboard; sourceTree = "<group>"; };
		6FAB617026AC8A8600BFCACA /* Assets.xcassets */ = {isa = PBXFileReference; lastKnownFileType = folder.assetcatalog; path = Assets.xcassets; sourceTree = "<group>"; };
		6FAB617326AC8A8600BFCACA /* Base */ = {isa = PBXFileReference; lastKnownFileType = file.storyboard; name = Base; path = Base.lproj/LaunchScreen.storyboard; sourceTree = "<group>"; };
		6FAB617526AC8A8600BFCACA /* Info.plist */ = {isa = PBXFileReference; lastKnownFileType = text.plist.xml; path = Info.plist; sourceTree = "<group>"; };
		6FAB617B26AC8AA200BFCACA /* Country.swift */ = {isa = PBXFileReference; lastKnownFileType = sourcecode.swift; path = Country.swift; sourceTree = "<group>"; };
		6FAB617D26AC8BB700BFCACA /* Sample.json */ = {isa = PBXFileReference; fileEncoding = 4; lastKnownFileType = text.json; path = Sample.json; sourceTree = "<group>"; };
		6FAB617F26AC8C0E00BFCACA /* CountriesModel.swift */ = {isa = PBXFileReference; lastKnownFileType = sourcecode.swift; path = CountriesModel.swift; sourceTree = "<group>"; };
		6FAB618126AC9ACF00BFCACA /* CountriesFeed.swift */ = {isa = PBXFileReference; lastKnownFileType = sourcecode.swift; path = CountriesFeed.swift; sourceTree = "<group>"; };
/* End PBXFileReference section */

/* Begin PBXFrameworksBuildPhase section */
		6FAB616126AC8A8500BFCACA /* Frameworks */ = {
			isa = PBXFrameworksBuildPhase;
			buildActionMask = 2147483647;
			files = (
			);
			runOnlyForDeploymentPostprocessing = 0;
		};
/* End PBXFrameworksBuildPhase section */

/* Begin PBXGroup section */
		6FAB615B26AC8A8500BFCACA = {
			isa = PBXGroup;
			children = (
				6FAB616626AC8A8500BFCACA /* Challenge_5 */,
				6FAB616526AC8A8500BFCACA /* Products */,
			);
			sourceTree = "<group>";
		};
		6FAB616526AC8A8500BFCACA /* Products */ = {
			isa = PBXGroup;
			children = (
				6FAB616426AC8A8500BFCACA /* Challenge_5.app */,
			);
			name = Products;
			sourceTree = "<group>";
		};
		6FAB616626AC8A8500BFCACA /* Challenge_5 */ = {
			isa = PBXGroup;
			children = (
				6FAB616726AC8A8500BFCACA /* AppDelegate.swift */,
				6FAB616926AC8A8500BFCACA /* SceneDelegate.swift */,
				6FAB616B26AC8A8500BFCACA /* ViewController.swift */,
				6F67CD3426AD2A9400F737E3 /* DetailViewController.swift */,
				6FAB616D26AC8A8500BFCACA /* Main.storyboard */,
				6FAB617026AC8A8600BFCACA /* Assets.xcassets */,
				6FAB617226AC8A8600BFCACA /* LaunchScreen.storyboard */,
				6FAB617526AC8A8600BFCACA /* Info.plist */,
				6FAB617F26AC8C0E00BFCACA /* CountriesModel.swift */,
				6FAB617B26AC8AA200BFCACA /* Country.swift */,
				6FAB618126AC9ACF00BFCACA /* CountriesFeed.swift */,
				6FAB617D26AC8BB700BFCACA /* Sample.json */,
			);
			path = Challenge_5;
			sourceTree = "<group>";
		};
/* End PBXGroup section */

/* Begin PBXNativeTarget section */
		6FAB616326AC8A8500BFCACA /* Challenge_5 */ = {
			isa = PBXNativeTarget;
			buildConfigurationList = 6FAB617826AC8A8600BFCACA /* Build configuration list for PBXNativeTarget "Challenge_5" */;
			buildPhases = (
				6FAB616026AC8A8500BFCACA /* Sources */,
				6FAB616126AC8A8500BFCACA /* Frameworks */,
				6FAB616226AC8A8500BFCACA /* Resources */,
			);
			buildRules = (
			);
			dependencies = (
			);
			name = Challenge_5;
			productName = Challenge_5;
			productReference = 6FAB616426AC8A8500BFCACA /* Challenge_5.app */;
			productType = "com.apple.product-type.application";
		};
/* End PBXNativeTarget section */

/* Begin PBXProject section */
		6FAB615C26AC8A8500BFCACA /* Project object */ = {
			isa = PBXProject;
			attributes = {
				BuildIndependentTargetsInParallel = 1;
				LastSwiftUpdateCheck = 1300;
				LastUpgradeCheck = 1300;
				TargetAttributes = {
					6FAB616326AC8A8500BFCACA = {
						CreatedOnToolsVersion = 13.0;
					};
				};
			};
			buildConfigurationList = 6FAB615F26AC8A8500BFCACA /* Build configuration list for PBXProject "Challenge_5" */;
			compatibilityVersion = "Xcode 13.0";
			developmentRegion = en;
			hasScannedForEncodings = 0;
			knownRegions = (
				en,
				Base,
			);
			mainGroup = 6FAB615B26AC8A8500BFCACA;
			productRefGroup = 6FAB616526AC8A8500BFCACA /* Products */;
			projectDirPath = "";
			projectRoot = "";
			targets = (
				6FAB616326AC8A8500BFCACA /* Challenge_5 */,
			);
		};
/* End PBXProject section */

/* Begin PBXResourcesBuildPhase section */
		6FAB616226AC8A8500BFCACA /* Resources */ = {
			isa = PBXResourcesBuildPhase;
			buildActionMask = 2147483647;
			files = (
				6FAB617426AC8A8600BFCACA /* LaunchScreen.storyboard in Resources */,
				6FAB617E26AC8BB700BFCACA /* Sample.json in Resources */,
				6FAB617126AC8A8600BFCACA /* Assets.xcassets in Resources */,
				6FAB616F26AC8A8500BFCACA /* Main.storyboard in Resources */,
			);
			runOnlyForDeploymentPostprocessing = 0;
		};
/* End PBXResourcesBuildPhase section */

/* Begin PBXSourcesBuildPhase section */
		6FAB616026AC8A8500BFCACA /* Sources */ = {
			isa = PBXSourcesBuildPhase;
			buildActionMask = 2147483647;
			files = (
				6FAB617C26AC8AA200BFCACA /* Country.swift in Sources */,
				6F67CD3526AD2A9400F737E3 /* DetailViewController.swift in Sources */,
				6FAB616C26AC8A8500BFCACA /* ViewController.swift in Sources */,
				6FAB618226AC9ACF00BFCACA /* CountriesFeed.swift in Sources */,
				6FAB616826AC8A8500BFCACA /* AppDelegate.swift in Sources */,
				6FAB618026AC8C0E00BFCACA /* CountriesModel.swift in Sources */,
				6FAB616A26AC8A8500BFCACA /* SceneDelegate.swift in Sources */,
			);
			runOnlyForDeploymentPostprocessing = 0;
		};
/* End PBXSourcesBuildPhase section */

/* Begin PBXVariantGroup section */
		6FAB616D26AC8A8500BFCACA /* Main.storyboard */ = {
			isa = PBXVariantGroup;
			children = (
				6FAB616E26AC8A8500BFCACA /* Base */,
			);
			name = Main.storyboard;
			sourceTree = "<group>";
		};
		6FAB617226AC8A8600BFCACA /* LaunchScreen.storyboard */ = {
			isa = PBXVariantGroup;
			children = (
				6FAB617326AC8A8600BFCACA /* Base */,
			);
			name = LaunchScreen.storyboard;
			sourceTree = "<group>";
		};
/* End PBXVariantGroup section */

/* Begin XCBuildConfiguration section */
		6FAB617626AC8A8600BFCACA /* Debug */ = {
			isa = XCBuildConfiguration;
			buildSettings = {
				ALWAYS_SEARCH_USER_PATHS = NO;
				CLANG_ANALYZER_NONNULL = YES;
				CLANG_ANALYZER_NUMBER_OBJECT_CONVERSION = YES_AGGRESSIVE;
				CLANG_CXX_LANGUAGE_STANDARD = "gnu++17";
				CLANG_CXX_LIBRARY = "libc++";
				CLANG_ENABLE_MODULES = YES;
				CLANG_ENABLE_OBJC_ARC = YES;
				CLANG_ENABLE_OBJC_WEAK = YES;
				CLANG_WARN_BLOCK_CAPTURE_AUTORELEASING = YES;
				CLANG_WARN_BOOL_CONVERSION = YES;
				CLANG_WARN_COMMA = YES;
				CLANG_WARN_CONSTANT_CONVERSION = YES;
				CLANG_WARN_DEPRECATED_OBJC_IMPLEMENTATIONS = YES;
				CLANG_WARN_DIRECT_OBJC_ISA_USAGE = YES_ERROR;
				CLANG_WARN_DOCUMENTATION_COMMENTS = YES;
				CLANG_WARN_EMPTY_BODY = YES;
				CLANG_WARN_ENUM_CONVERSION = YES;
				CLANG_WARN_INFINITE_RECURSION = YES;
				CLANG_WARN_INT_CONVERSION = YES;
				CLANG_WARN_NON_LITERAL_NULL_CONVERSION = YES;
				CLANG_WARN_OBJC_IMPLICIT_RETAIN_SELF = YES;
				CLANG_WARN_OBJC_LITERAL_CONVERSION = YES;
				CLANG_WARN_OBJC_ROOT_CLASS = YES_ERROR;
				CLANG_WARN_QUOTED_INCLUDE_IN_FRAMEWORK_HEADER = YES;
				CLANG_WARN_RANGE_LOOP_ANALYSIS = YES;
				CLANG_WARN_STRICT_PROTOTYPES = YES;
				CLANG_WARN_SUSPICIOUS_MOVE = YES;
				CLANG_WARN_UNGUARDED_AVAILABILITY = YES_AGGRESSIVE;
				CLANG_WARN_UNREACHABLE_CODE = YES;
				CLANG_WARN__DUPLICATE_METHOD_MATCH = YES;
				COPY_PHASE_STRIP = NO;
				DEBUG_INFORMATION_FORMAT = dwarf;
				ENABLE_STRICT_OBJC_MSGSEND = YES;
				ENABLE_TESTABILITY = YES;
				GCC_C_LANGUAGE_STANDARD = gnu11;
				GCC_DYNAMIC_NO_PIC = NO;
				GCC_NO_COMMON_BLOCKS = YES;
				GCC_OPTIMIZATION_LEVEL = 0;
				GCC_PREPROCESSOR_DEFINITIONS = (
					"DEBUG=1",
					"$(inherited)",
				);
				GCC_WARN_64_TO_32_BIT_CONVERSION = YES;
				GCC_WARN_ABOUT_RETURN_TYPE = YES_ERROR;
				GCC_WARN_UNDECLARED_SELECTOR = YES;
				GCC_WARN_UNINITIALIZED_AUTOS = YES_AGGRESSIVE;
				GCC_WARN_UNUSED_FUNCTION = YES;
				GCC_WARN_UNUSED_VARIABLE = YES;
				IPHONEOS_DEPLOYMENT_TARGET = 15.0;
				MTL_ENABLE_DEBUG_INFO = INCLUDE_SOURCE;
				MTL_FAST_MATH = YES;
				ONLY_ACTIVE_ARCH = YES;
				SDKROOT = iphoneos;
				SWIFT_ACTIVE_COMPILATION_CONDITIONS = DEBUG;
				SWIFT_OPTIMIZATION_LEVEL = "-Onone";
			};
			name = Debug;
		};
		6FAB617726AC8A8600BFCACA /* Release */ = {
			isa = XCBuildConfiguration;
			buildSettings = {
				ALWAYS_SEARCH_USER_PATHS = NO;
				CLANG_ANALYZER_NONNULL = YES;
				CLANG_ANALYZER_NUMBER_OBJECT_CONVERSION = YES_AGGRESSIVE;
				CLANG_CXX_LANGUAGE_STANDARD = "gnu++17";
				CLANG_CXX_LIBRARY = "libc++";
				CLANG_ENABLE_MODULES = YES;
				CLANG_ENABLE_OBJC_ARC = YES;
				CLANG_ENABLE_OBJC_WEAK = YES;
				CLANG_WARN_BLOCK_CAPTURE_AUTORELEASING = YES;
				CLANG_WARN_BOOL_CONVERSION = YES;
				CLANG_WARN_COMMA = YES;
				CLANG_WARN_CONSTANT_CONVERSION = YES;
				CLANG_WARN_DEPRECATED_OBJC_IMPLEMENTATIONS = YES;
				CLANG_WARN_DIRECT_OBJC_ISA_USAGE = YES_ERROR;
				CLANG_WARN_DOCUMENTATION_COMMENTS = YES;
				CLANG_WARN_EMPTY_BODY = YES;
				CLANG_WARN_ENUM_CONVERSION = YES;
				CLANG_WARN_INFINITE_RECURSION = YES;
				CLANG_WARN_INT_CONVERSION = YES;
				CLANG_WARN_NON_LITERAL_NULL_CONVERSION = YES;
				CLANG_WARN_OBJC_IMPLICIT_RETAIN_SELF = YES;
				CLANG_WARN_OBJC_LITERAL_CONVERSION = YES;
				CLANG_WARN_OBJC_ROOT_CLASS = YES_ERROR;
				CLANG_WARN_QUOTED_INCLUDE_IN_FRAMEWORK_HEADER = YES;
				CLANG_WARN_RANGE_LOOP_ANALYSIS = YES;
				CLANG_WARN_STRICT_PROTOTYPES = YES;
				CLANG_WARN_SUSPICIOUS_MOVE = YES;
				CLANG_WARN_UNGUARDED_AVAILABILITY = YES_AGGRESSIVE;
				CLANG_WARN_UNREACHABLE_CODE = YES;
				CLANG_WARN__DUPLICATE_METHOD_MATCH = YES;
				COPY_PHASE_STRIP = NO;
				DEBUG_INFORMATION_FORMAT = "dwarf-with-dsym";
				ENABLE_NS_ASSERTIONS = NO;
				ENABLE_STRICT_OBJC_MSGSEND = YES;
				GCC_C_LANGUAGE_STANDARD = gnu11;
				GCC_NO_COMMON_BLOCKS = YES;
				GCC_WARN_64_TO_32_BIT_CONVERSION = YES;
				GCC_WARN_ABOUT_RETURN_TYPE = YES_ERROR;
				GCC_WARN_UNDECLARED_SELECTOR = YES;
				GCC_WARN_UNINITIALIZED_AUTOS = YES_AGGRESSIVE;
				GCC_WARN_UNUSED_FUNCTION = YES;
				GCC_WARN_UNUSED_VARIABLE = YES;
				IPHONEOS_DEPLOYMENT_TARGET = 15.0;
				MTL_ENABLE_DEBUG_INFO = NO;
				MTL_FAST_MATH = YES;
				SDKROOT = iphoneos;
				SWIFT_COMPILATION_MODE = wholemodule;
				SWIFT_OPTIMIZATION_LEVEL = "-O";
				VALIDATE_PRODUCT = YES;
			};
			name = Release;
		};
		6FAB617926AC8A8600BFCACA /* Debug */ = {
			isa = XCBuildConfiguration;
			buildSettings = {
				ASSETCATALOG_COMPILER_APPICON_NAME = AppIcon;
				ASSETCATALOG_COMPILER_GLOBAL_ACCENT_COLOR_NAME = AccentColor;
				CODE_SIGN_STYLE = Automatic;
				CURRENT_PROJECT_VERSION = 1;
				DEVELOPMENT_TEAM = 9T65XWHQL7;
				GENERATE_INFOPLIST_FILE = YES;
				INFOPLIST_FILE = Challenge_5/Info.plist;
				INFOPLIST_KEY_UIApplicationSupportsIndirectInputEvents = YES;
				INFOPLIST_KEY_UILaunchStoryboardName = LaunchScreen;
				INFOPLIST_KEY_UIMainStoryboardFile = Main;
				INFOPLIST_KEY_UISupportedInterfaceOrientations_iPad = "UIInterfaceOrientationPortrait UIInterfaceOrientationPortraitUpsideDown UIInterfaceOrientationLandscapeLeft UIInterfaceOrientationLandscapeRight";
				INFOPLIST_KEY_UISupportedInterfaceOrientations_iPhone = "UIInterfaceOrientationPortrait UIInterfaceOrientationLandscapeLeft UIInterfaceOrientationLandscapeRight";
				LD_RUNPATH_SEARCH_PATHS = (
					"$(inherited)",
					"@executable_path/Frameworks",
				);
				MARKETING_VERSION = 1.0;
				PRODUCT_BUNDLE_IDENTIFIER = "com.MrMurmanProd.Challenge-5";
				PRODUCT_NAME = "$(TARGET_NAME)";
				SWIFT_EMIT_LOC_STRINGS = YES;
				SWIFT_VERSION = 5.0;
				TARGETED_DEVICE_FAMILY = "1,2";
			};
			name = Debug;
		};
		6FAB617A26AC8A8600BFCACA /* Release */ = {
			isa = XCBuildConfiguration;
			buildSettings = {
				ASSETCATALOG_COMPILER_APPICON_NAME = AppIcon;
				ASSETCATALOG_COMPILER_GLOBAL_ACCENT_COLOR_NAME = AccentColor;
				CODE_SIGN_STYLE = Automatic;
				CURRENT_PROJECT_VERSION = 1;
				DEVELOPMENT_TEAM = 9T65XWHQL7;
				GENERATE_INFOPLIST_FILE = YES;
				INFOPLIST_FILE = Challenge_5/Info.plist;
				INFOPLIST_KEY_UIApplicationSupportsIndirectInputEvents = YES;
				INFOPLIST_KEY_UILaunchStoryboardName = LaunchScreen;
				INFOPLIST_KEY_UIMainStoryboardFile = Main;
				INFOPLIST_KEY_UISupportedInterfaceOrientations_iPad = "UIInterfaceOrientationPortrait UIInterfaceOrientationPortraitUpsideDown UIInterfaceOrientationLandscapeLeft UIInterfaceOrientationLandscapeRight";
				INFOPLIST_KEY_UISupportedInterfaceOrientations_iPhone = "UIInterfaceOrientationPortrait UIInterfaceOrientationLandscapeLeft UIInterfaceOrientationLandscapeRight";
				LD_RUNPATH_SEARCH_PATHS = (
					"$(inherited)",
					"@executable_path/Frameworks",
				);
				MARKETING_VERSION = 1.0;
				PRODUCT_BUNDLE_IDENTIFIER = "com.MrMurmanProd.Challenge-5";
				PRODUCT_NAME = "$(TARGET_NAME)";
				SWIFT_EMIT_LOC_STRINGS = YES;
				SWIFT_VERSION = 5.0;
				TARGETED_DEVICE_FAMILY = "1,2";
			};
			name = Release;
		};
/* End XCBuildConfiguration section */

/* Begin XCConfigurationList section */
		6FAB615F26AC8A8500BFCACA /* Build configuration list for PBXProject "Challenge_5" */ = {
			isa = XCConfigurationList;
			buildConfigurations = (
				6FAB617626AC8A8600BFCACA /* Debug */,
				6FAB617726AC8A8600BFCACA /* Release */,
			);
			defaultConfigurationIsVisible = 0;
			defaultConfigurationName = Release;
		};
		6FAB617826AC8A8600BFCACA /* Build configuration list for PBXNativeTarget "Challenge_5" */ = {
			isa = XCConfigurationList;
			buildConfigurations = (
				6FAB617926AC8A8600BFCACA /* Debug */,
				6FAB617A26AC8A8600BFCACA /* Release */,
			);
			defaultConfigurationIsVisible = 0;
			defaultConfigurationName = Release;
		};
/* End XCConfigurationList section */
	};
	rootObject = 6FAB615C26AC8A8500BFCACA /* Project object */;
}
